{
  "name": "discord-time-thing",
  "version": "1.0.0",
  "lockfileVersion": 3,
  "requires": true,
  "packages": {
    "": {
      "name": "discord-time-thing",
      "version": "1.0.0",
      "license": "ISC",
      "dependencies": {
        "kbm-robot": "^0.0.4",
        "node-cron": "^3.0.2"
      }
    },
    "node_modules/asap": {
      "version": "1.0.0",
      "resolved": "https://registry.npmjs.org/asap/-/asap-1.0.0.tgz",
      "integrity": "sha512-Ej9qjcXY+8Tuy1cNqiwNMwFRXOy9UwgTeMA8LxreodygIPV48lx8PU1ecFxb5ZeU1DpMKxiq6vGLTxcitWZPbA=="
    },
    "node_modules/kbm-robot": {
      "version": "0.0.4",
      "resolved": "https://registry.npmjs.org/kbm-robot/-/kbm-robot-0.0.4.tgz",
      "integrity": "sha512-jAor20vIt+8lpQD48PpdXYFfnNh5fgytYpFCBENqw9TQiWC+X4tEF6ALAiJagm5KjYZ/ialzDgxR32sFBO7QpA==",
      "dependencies": {
        "promise": "^6.1.0"
      }
    },
    "node_modules/node-cron": {
      "version": "3.0.2",
      "resolved": "https://registry.npmjs.org/node-cron/-/node-cron-3.0.2.tgz",
      "integrity": "sha512-iP8l0yGlNpE0e6q1o185yOApANRe47UPbLf4YxfbiNHt/RU5eBcGB/e0oudruheSf+LQeDMezqC5BVAb5wwRcQ==",
      "dependencies": {
        "uuid": "8.3.2"
      },
      "engines": {
        "node": ">=6.0.0"
      }
    },
    "node_modules/promise": {
      "version": "6.1.0",
      "resolved": "https://registry.npmjs.org/promise/-/promise-6.1.0.tgz",
      "integrity": "sha512-O+uwGKreKNKkshzZv2P7N64lk6EP17iXBn0PbUnNQhk+Q0AHLstiTrjkx3v5YBd3cxUe7Sq6KyRhl/A0xUjk7Q==",
      "dependencies": {
        "asap": "~1.0.0"
      }
    },
    "node_modules/uuid": {
      "version": "8.3.2",
      "resolved": "https://registry.npmjs.org/uuid/-/uuid-8.3.2.tgz",
      "integrity": "sha512-+NYs2QeMWy+GWFOEm9xnn6HCDp0l7QBD7ml8zLUmJ+93Q5NF0NocErnwkTkXVFNiX3/fpC6afS8Dhb/gz7R7eg==",
      "bin": {
        "uuid": "dist/bin/uuid"
      }
    }
  }
}
